
Microsoft Visual Studio Solution File, Format Version 12.00
# Visual Studio 2013
VisualStudioVersion = 12.0.40629.0
MinimumVisualStudioVersion = 10.0.40219.1
Project("{FAE04EC0-301F-11D3-BF4B-00C04F79EFBC}") = "CareerPro.Web", "CareerPro.Web\CareerPro.Web.csproj", "{AA79CDE6-870E-4F37-B0B0-8CC2791DB9DE}"
EndProject
Project("{FAE04EC0-301F-11D3-BF4B-00C04F79EFBC}") = "CareerPro.UnitTests", "CareerPro.UnitTests\CareerPro.UnitTests.csproj", "{3304A72B-FE58-4DB6-8F55-AC5361111D71}"
EndProject
Project("{FAE04EC0-301F-11D3-BF4B-00C04F79EFBC}") = "CareerPro.Logic", "CareerPro.Logic\CareerPro.Logic.csproj", "{3FCC75AE-FD37-45C3-9CED-3E3A8BEEF9FE}"
EndProject
Project("{FAE04EC0-301F-11D3-BF4B-00C04F79EFBC}") = "CareerPro.DataObjects", "CareerPro.DataObjects\CareerPro.DataObjects.csproj", "{B93949AB-6BA8-4E4F-9C24-D65D11A5ED5F}"
EndProject
Project("{FAE04EC0-301F-11D3-BF4B-00C04F79EFBC}") = "CareerPro.DataAccess", "CareerPro.DataAccess\CareerPro.DataAccess.csproj", "{36DF2C74-5D9D-4E68-9843-B01702F5B44D}"
EndProject
Global
	GlobalSection(SolutionConfigurationPlatforms) = preSolution
		Debug|Any CPU = Debug|Any CPU
		Release|Any CPU = Release|Any CPU
	EndGlobalSection
	GlobalSection(ProjectConfigurationPlatforms) = postSolution
		{AA79CDE6-870E-4F37-B0B0-8CC2791DB9DE}.Debug|Any CPU.ActiveCfg = Debug|Any CPU
		{AA79CDE6-870E-4F37-B0B0-8CC2791DB9DE}.Debug|Any CPU.Build.0 = Debug|Any CPU
		{AA79CDE6-870E-4F37-B0B0-8CC2791DB9DE}.Release|Any CPU.ActiveCfg = Release|Any CPU
		{AA79CDE6-870E-4F37-B0B0-8CC2791DB9DE}.Release|Any CPU.Build.0 = Release|Any CPU
		{3304A72B-FE58-4DB6-8F55-AC5361111D71}.Debug|Any CPU.ActiveCfg = Debug|Any CPU
		{3304A72B-FE58-4DB6-8F55-AC5361111D71}.Debug|Any CPU.Build.0 = Debug|Any CPU
		{3304A72B-FE58-4DB6-8F55-AC5361111D71}.Release|Any CPU.ActiveCfg = Release|Any CPU
		{3304A72B-FE58-4DB6-8F55-AC5361111D71}.Release|Any CPU.Build.0 = Release|Any CPU
		{3FCC75AE-FD37-45C3-9CED-3E3A8BEEF9FE}.Debug|Any CPU.ActiveCfg = Debug|Any CPU
		{3FCC75AE-FD37-45C3-9CED-3E3A8BEEF9FE}.Debug|Any CPU.Build.0 = Debug|Any CPU
		{3FCC75AE-FD37-45C3-9CED-3E3A8BEEF9FE}.Release|Any CPU.ActiveCfg = Release|Any CPU
		{3FCC75AE-FD37-45C3-9CED-3E3A8BEEF9FE}.Release|Any CPU.Build.0 = Release|Any CPU
		{B93949AB-6BA8-4E4F-9C24-D65D11A5ED5F}.Debug|Any CPU.ActiveCfg = Debug|Any CPU
		{B93949AB-6BA8-4E4F-9C24-D65D11A5ED5F}.Debug|Any CPU.Build.0 = Debug|Any CPU
		{B93949AB-6BA8-4E4F-9C24-D65D11A5ED5F}.Release|Any CPU.ActiveCfg = Release|Any CPU
		{B93949AB-6BA8-4E4F-9C24-D65D11A5ED5F}.Release|Any CPU.Build.0 = Release|Any CPU
		{36DF2C74-5D9D-4E68-9843-B01702F5B44D}.Debug|Any CPU.ActiveCfg = Debug|Any CPU
		{36DF2C74-5D9D-4E68-9843-B01702F5B44D}.Debug|Any CPU.Build.0 = Debug|Any CPU
		{36DF2C74-5D9D-4E68-9843-B01702F5B44D}.Release|Any CPU.ActiveCfg = Release|Any CPU
		{36DF2C74-5D9D-4E68-9843-B01702F5B44D}.Release|Any CPU.Build.0 = Release|Any CPU
	EndGlobalSection
	GlobalSection(SolutionProperties) = preSolution
		HideSolutionNode = FALSE
	EndGlobalSection
EndGlobal
